// !$*UTF8*$!
{
	archiveVersion = 1;
	classes = {
	};
	objectVersion = 50;
	objects = {

/* Begin PBXBuildFile section */
		DCA510D5210220D600D9D6CA /* AppDelegate.swift in Sources */ = {isa = PBXBuildFile; fileRef = DCA510D4210220D600D9D6CA /* AppDelegate.swift */; };
		DCA510D7210220D600D9D6CA /* ViewController.swift in Sources */ = {isa = PBXBuildFile; fileRef = DCA510D6210220D600D9D6CA /* ViewController.swift */; };
		DCA510DA210220D600D9D6CA /* Main.storyboard in Resources */ = {isa = PBXBuildFile; fileRef = DCA510D8210220D600D9D6CA /* Main.storyboard */; };
		DCA510DC210220E700D9D6CA /* Assets.xcassets in Resources */ = {isa = PBXBuildFile; fileRef = DCA510DB210220E700D9D6CA /* Assets.xcassets */; };
		DCA510DF210220E700D9D6CA /* LaunchScreen.storyboard in Resources */ = {isa = PBXBuildFile; fileRef = DCA510DD210220E700D9D6CA /* LaunchScreen.storyboard */; };
		DCA510E72102259D00D9D6CA /* TransparentTableViewCell.swift in Sources */ = {isa = PBXBuildFile; fileRef = DCA510E62102259D00D9D6CA /* TransparentTableViewCell.swift */; };
/* End PBXBuildFile section */

/* Begin PBXFileReference section */
		DCA510D1210220D600D9D6CA /* TransparentTableView.app */ = {isa = PBXFileReference; explicitFileType = wrapper.application; includeInIndex = 0; path = TransparentTableView.app; sourceTree = BUILT_PRODUCTS_DIR; };
		DCA510D4210220D600D9D6CA /* AppDelegate.swift */ = {isa = PBXFileReference; lastKnownFileType = sourcecode.swift; path = AppDelegate.swift; sourceTree = "<group>"; };
		DCA510D6210220D600D9D6CA /* ViewController.swift */ = {isa = PBXFileReference; lastKnownFileType = sourcecode.swift; path = ViewController.swift; sourceTree = "<group>"; };
		DCA510D9210220D600D9D6CA /* Base */ = {isa = PBXFileReference; lastKnownFileType = file.storyboard; name = Base; path = Base.lproj/Main.storyboard; sourceTree = "<group>"; };
		DCA510DB210220E700D9D6CA /* Assets.xcassets */ = {isa = PBXFileReference; lastKnownFileType = folder.assetcatalog; path = Assets.xcassets; sourceTree = "<group>"; };
		DCA510DE210220E700D9D6CA /* Base */ = {isa = PBXFileReference; lastKnownFileType = file.storyboard; name = Base; path = Base.lproj/LaunchScreen.storyboard; sourceTree = "<group>"; };
		DCA510E0210220E700D9D6CA /* Info.plist */ = {isa = PBXFileReference; lastKnownFileType = text.plist.xml; path = Info.plist; sourceTree = "<group>"; };
		DCA510E62102259D00D9D6CA /* TransparentTableViewCell.swift */ = {isa = PBXFileReference; lastKnownFileType = sourcecode.swift; path = TransparentTableViewCell.swift; sourceTree = "<group>"; };
/* End PBXFileReference section */

/* Begin PBXFrameworksBuildPhase section */
		DCA510CE210220D600D9D6CA /* Frameworks */ = {
			isa = PBXFrameworksBuildPhase;
			buildActionMask = 2147483647;
			files = (
			);
			runOnlyForDeploymentPostprocessing = 0;
		};
/* End PBXFrameworksBuildPhase section */

/* Begin PBXGroup section */
		DCA510C8210220D500D9D6CA = {
			isa = PBXGroup;
			children = (
				DCA510D3210220D600D9D6CA /* TransparentTableView */,
				DCA510D2210220D600D9D6CA /* Products */,
			);
			sourceTree = "<group>";
		};
		DCA510D2210220D600D9D6CA /* Products */ = {
			isa = PBXGroup;
			children = (
				DCA510D1210220D600D9D6CA /* TransparentTableView.app */,
			);
			name = Products;
			sourceTree = "<group>";
		};
		DCA510D3210220D600D9D6CA /* TransparentTableView */ = {
			isa = PBXGroup;
			children = (
				DCA510D4210220D600D9D6CA /* AppDelegate.swift */,
				DCA510D6210220D600D9D6CA /* ViewController.swift */,
				DCA510D8210220D600D9D6CA /* Main.storyboard */,
				DCA510DB210220E700D9D6CA /* Assets.xcassets */,
				DCA510DD210220E700D9D6CA /* LaunchScreen.storyboard */,
				DCA510E0210220E700D9D6CA /* Info.plist */,
				DCA510E62102259D00D9D6CA /* TransparentTableViewCell.swift */,
			);
			path = TransparentTableView;
			sourceTree = "<group>";
		};
/* End PBXGroup section */

/* Begin PBXNativeTarget section */
		DCA510D0210220D600D9D6CA /* TransparentTableView */ = {
			isa = PBXNativeTarget;
			buildConfigurationList = DCA510E3210220E700D9D6CA /* Build configuration list for PBXNativeTarget "TransparentTableView" */;
			buildPhases = (
				DCA510CD210220D600D9D6CA /* Sources */,
				DCA510CE210220D600D9D6CA /* Frameworks */,
				DCA510CF210220D600D9D6CA /* Resources */,
			);
			buildRules = (
			);
			dependencies = (
			);
			name = TransparentTableView;
			productName = TransparentTableView;
			productReference = DCA510D1210220D600D9D6CA /* TransparentTableView.app */;
			productType = "com.apple.product-type.application";
		};
/* End PBXNativeTarget section */

/* Begin PBXProject section */
		DCA510C9210220D500D9D6CA /* Project object */ = {
			isa = PBXProject;
			attributes = {
				LastSwiftUpdateCheck = 0940;
				LastUpgradeCheck = 0940;
				ORGANIZATIONNAME = PosCash;
				TargetAttributes = {
					DCA510D0210220D600D9D6CA = {
						CreatedOnToolsVersion = 9.4.1;
					};
				};
			};
			buildConfigurationList = DCA510CC210220D500D9D6CA /* Build configuration list for PBXProject "TransparentTableView" */;
			compatibilityVersion = "Xcode 9.3";
			developmentRegion = en;
			hasScannedForEncodings = 0;
			knownRegions = (
				en,
				Base,
			);
			mainGroup = DCA510C8210220D500D9D6CA;
			productRefGroup = DCA510D2210220D600D9D6CA /* Products */;
			projectDirPath = "";
			projectRoot = "";
			targets = (
				DCA510D0210220D600D9D6CA /* TransparentTableView */,
			);
		};
/* End PBXProject section */

/* Begin PBXResourcesBuildPhase section */
		DCA510CF210220D600D9D6CA /* Resources */ = {
			isa = PBXResourcesBuildPhase;
			buildActionMask = 2147483647;
			files = (
				DCA510DF210220E700D9D6CA /* LaunchScreen.storyboard in Resources */,
				DCA510DC210220E700D9D6CA /* Assets.xcassets in Resources */,
				DCA510DA210220D600D9D6CA /* Main.storyboard in Resources */,
			);
			runOnlyForDeploymentPostprocessing = 0;
		};
/* End PBXResourcesBuildPhase section */

/* Begin PBXSourcesBuildPhase section */
		DCA510CD210220D600D9D6CA /* Sources */ = {
			isa = PBXSourcesBuildPhase;
			buildActionMask = 2147483647;
			files = (
				DCA510D7210220D600D9D6CA /* ViewController.swift in Sources */,
				DCA510E72102259D00D9D6CA /* TransparentTableViewCell.swift in Sources */,
				DCA510D5210220D600D9D6CA /* AppDelegate.swift in Sources */,
			);
			runOnlyForDeploymentPostprocessing = 0;
		};
/* End PBXSourcesBuildPhase section */

/* Begin PBXVariantGroup section */
		DCA510D8210220D600D9D6CA /* Main.storyboard */ = {
			isa = PBXVariantGroup;
			children = (
				DCA510D9210220D600D9D6CA /* Base */,
			);
			name = Main.storyboard;
			sourceTree = "<group>";
		};
		DCA510DD210220E700D9D6CA /* LaunchScreen.storyboard */ = {
			isa = PBXVariantGroup;
			children = (
				DCA510DE210220E700D9D6CA /* Base */,
			);
			name = LaunchScreen.storyboard;
			sourceTree = "<group>";
		};
/* End PBXVariantGroup section */

/* Begin XCBuildConfiguration section */
		DCA510E1210220E700D9D6CA /* Debug */ = {
			isa = XCBuildConfiguration;
			buildSettings = {
				ALWAYS_SEARCH_USER_PATHS = NO;
				CLANG_ANALYZER_NONNULL = YES;
				CLANG_ANALYZER_NUMBER_OBJECT_CONVERSION = YES_AGGRESSIVE;
				CLANG_CXX_LANGUAGE_STANDARD = "gnu++14";
				CLANG_CXX_LIBRARY = "libc++";
				CLANG_ENABLE_MODULES = YES;
				CLANG_ENABLE_OBJC_ARC = YES;
				CLANG_ENABLE_OBJC_WEAK = YES;
				CLANG_WARN_BLOCK_CAPTURE_AUTORELEASING = YES;
				CLANG_WARN_BOOL_CONVERSION = YES;
				CLANG_WARN_COMMA = YES;
				CLANG_WARN_CONSTANT_CONVERSION = YES;
				CLANG_WARN_DEPRECATED_OBJC_IMPLEMENTATIONS = YES;
				CLANG_WARN_DIRECT_OBJC_ISA_USAGE = YES_ERROR;
				CLANG_WARN_DOCUMENTATION_COMMENTS = YES;
				CLANG_WARN_EMPTY_BODY = YES;
				CLANG_WARN_ENUM_CONVERSION = YES;
				CLANG_WARN_INFINITE_RECURSION = YES;
				CLANG_WARN_INT_CONVERSION = YES;
				CLANG_WARN_NON_LITERAL_NULL_CONVERSION = YES;
				CLANG_WARN_OBJC_IMPLICIT_RETAIN_SELF = YES;
				CLANG_WARN_OBJC_LITERAL_CONVERSION = YES;
				CLANG_WARN_OBJC_ROOT_CLASS = YES_ERROR;
				CLANG_WARN_RANGE_LOOP_ANALYSIS = YES;
				CLANG_WARN_STRICT_PROTOTYPES = YES;
				CLANG_WARN_SUSPICIOUS_MOVE = YES;
				CLANG_WARN_UNGUARDED_AVAILABILITY = YES_AGGRESSIVE;
				CLANG_WARN_UNREACHABLE_CODE = YES;
				CLANG_WARN__DUPLICATE_METHOD_MATCH = YES;
				CODE_SIGN_IDENTITY = "iPhone Developer";
				COPY_PHASE_STRIP = NO;
				DEBUG_INFORMATION_FORMAT = dwarf;
				ENABLE_STRICT_OBJC_MSGSEND = YES;
				ENABLE_TESTABILITY = YES;
				GCC_C_LANGUAGE_STANDARD = gnu11;
				GCC_DYNAMIC_NO_PIC = NO;
				GCC_NO_COMMON_BLOCKS = YES;
				GCC_OPTIMIZATION_LEVEL = 0;
				GCC_PREPROCESSOR_DEFINITIONS = (
					"DEBUG=1",
					"$(inherited)",
				);
				GCC_WARN_64_TO_32_BIT_CONVERSION = YES;
				GCC_WARN_ABOUT_RETURN_TYPE = YES_ERROR;
				GCC_WARN_UNDECLARED_SELECTOR = YES;
				GCC_WARN_UNINITIALIZED_AUTOS = YES_AGGRESSIVE;
				GCC_WARN_UNUSED_FUNCTION = YES;
				GCC_WARN_UNUSED_VARIABLE = YES;
				IPHONEOS_DEPLOYMENT_TARGET = 11.4;
				MTL_ENABLE_DEBUG_INFO = YES;
				ONLY_ACTIVE_ARCH = YES;
				SDKROOT = iphoneos;
				SWIFT_ACTIVE_COMPILATION_CONDITIONS = DEBUG;
				SWIFT_OPTIMIZATION_LEVEL = "-Onone";
			};
			name = Debug;
		};
		DCA510E2210220E700D9D6CA /* Release */ = {
			isa = XCBuildConfiguration;
			buildSettings = {
				ALWAYS_SEARCH_USER_PATHS = NO;
				CLANG_ANALYZER_NONNULL = YES;
				CLANG_ANALYZER_NUMBER_OBJECT_CONVERSION = YES_AGGRESSIVE;
				CLANG_CXX_LANGUAGE_STANDARD = "gnu++14";
				CLANG_CXX_LIBRARY = "libc++";
				CLANG_ENABLE_MODULES = YES;
				CLANG_ENABLE_OBJC_ARC = YES;
				CLANG_ENABLE_OBJC_WEAK = YES;
				CLANG_WARN_BLOCK_CAPTURE_AUTORELEASING = YES;
				CLANG_WARN_BOOL_CONVERSION = YES;
				CLANG_WARN_COMMA = YES;
				CLANG_WARN_CONSTANT_CONVERSION = YES;
				CLANG_WARN_DEPRECATED_OBJC_IMPLEMENTATIONS = YES;
				CLANG_WARN_DIRECT_OBJC_ISA_USAGE = YES_ERROR;
				CLANG_WARN_DOCUMENTATION_COMMENTS = YES;
				CLANG_WARN_EMPTY_BODY = YES;
				CLANG_WARN_ENUM_CONVERSION = YES;
				CLANG_WARN_INFINITE_RECURSION = YES;
				CLANG_WARN_INT_CONVERSION = YES;
				CLANG_WARN_NON_LITERAL_NULL_CONVERSION = YES;
				CLANG_WARN_OBJC_IMPLICIT_RETAIN_SELF = YES;
				CLANG_WARN_OBJC_LITERAL_CONVERSION = YES;
				CLANG_WARN_OBJC_ROOT_CLASS = YES_ERROR;
				CLANG_WARN_RANGE_LOOP_ANALYSIS = YES;
				CLANG_WARN_STRICT_PROTOTYPES = YES;
				CLANG_WARN_SUSPICIOUS_MOVE = YES;
				CLANG_WARN_UNGUARDED_AVAILABILITY = YES_AGGRESSIVE;
				CLANG_WARN_UNREACHABLE_CODE = YES;
				CLANG_WARN__DUPLICATE_METHOD_MATCH = YES;
				CODE_SIGN_IDENTITY = "iPhone Developer";
				COPY_PHASE_STRIP = NO;
				DEBUG_INFORMATION_FORMAT = "dwarf-with-dsym";
				ENABLE_NS_ASSERTIONS = NO;
				ENABLE_STRICT_OBJC_MSGSEND = YES;
				GCC_C_LANGUAGE_STANDARD = gnu11;
				GCC_NO_COMMON_BLOCKS = YES;
				GCC_WARN_64_TO_32_BIT_CONVERSION = YES;
				GCC_WARN_ABOUT_RETURN_TYPE = YES_ERROR;
				GCC_WARN_UNDECLARED_SELECTOR = YES;
				GCC_WARN_UNINITIALIZED_AUTOS = YES_AGGRESSIVE;
				GCC_WARN_UNUSED_FUNCTION = YES;
				GCC_WARN_UNUSED_VARIABLE = YES;
				IPHONEOS_DEPLOYMENT_TARGET = 11.4;
				MTL_ENABLE_DEBUG_INFO = NO;
				SDKROOT = iphoneos;
				SWIFT_COMPILATION_MODE = wholemodule;
				SWIFT_OPTIMIZATION_LEVEL = "-O";
				VALIDATE_PRODUCT = YES;
			};
			name = Release;
		};
		DCA510E4210220E700D9D6CA /* Debug */ = {
			isa = XCBuildConfiguration;
			buildSettings = {
				ASSETCATALOG_COMPILER_APPICON_NAME = AppIcon;
				CODE_SIGN_STYLE = Automatic;
				DEVELOPMENT_TEAM = Z5QZ4DT42W;
				INFOPLIST_FILE = TransparentTableView/Info.plist;
				LD_RUNPATH_SEARCH_PATHS = (
					"$(inherited)",
					"@executable_path/Frameworks",
				);
				PRODUCT_BUNDLE_IDENTIFIER = br.com.poscash.TransparentTableView;
				PRODUCT_NAME = "$(TARGET_NAME)";
				SWIFT_VERSION = 4.0;
				TARGETED_DEVICE_FAMILY = "1,2";
			};
			name = Debug;
		};
		DCA510E5210220E700D9D6CA /* Release */ = {
			isa = XCBuildConfiguration;
			buildSettings = {
				ASSETCATALOG_COMPILER_APPICON_NAME = AppIcon;
				CODE_SIGN_STYLE = Automatic;
				DEVELOPMENT_TEAM = Z5QZ4DT42W;
				INFOPLIST_FILE = TransparentTableView/Info.plist;
				LD_RUNPATH_SEARCH_PATHS = (
					"$(inherited)",
					"@executable_path/Frameworks",
				);
				PRODUCT_BUNDLE_IDENTIFIER = br.com.poscash.TransparentTableView;
				PRODUCT_NAME = "$(TARGET_NAME)";
				SWIFT_VERSION = 4.0;
				TARGETED_DEVICE_FAMILY = "1,2";
			};
			name = Release;
		};
/* End XCBuildConfiguration section */

/* Begin XCConfigurationList section */
		DCA510CC210220D500D9D6CA /* Build configuration list for PBXProject "TransparentTableView" */ = {
			isa = XCConfigurationList;
			buildConfigurations = (
				DCA510E1210220E700D9D6CA /* Debug */,
				DCA510E2210220E700D9D6CA /* Release */,
			);
			defaultConfigurationIsVisible = 0;
			defaultConfigurationName = Release;
		};
		DCA510E3210220E700D9D6CA /* Build configuration list for PBXNativeTarget "TransparentTableView" */ = {
			isa = XCConfigurationList;
			buildConfigurations = (
				DCA510E4210220E700D9D6CA /* Debug */,
				DCA510E5210220E700D9D6CA /* Release */,
			);
			defaultConfigurationIsVisible = 0;
			defaultConfigurationName = Release;
		};
/* End XCConfigurationList section */
	};
	rootObject = DCA510C9210220D500D9D6CA /* Project object */;
}
